
Microsoft Visual Studio Solution File, Format Version 12.00
# Visual Studio Version 16
VisualStudioVersion = 16.0.29215.179
MinimumVisualStudioVersion = 10.0.40219.1
Project("{9A19103F-16F7-4668-BE54-9A1E7A4F7556}") = "ModernWpf.SampleApp", "ModernWpf.SampleApp\ModernWpf.SampleApp.csproj", "{4AB31DB2-4024-49E6-A522-F5418371A264}"
EndProject
Project("{9A19103F-16F7-4668-BE54-9A1E7A4F7556}") = "ModernWpf", "ModernWpf\ModernWpf.csproj", "{26077890-EB28-4B1F-9805-490479DC720F}"
EndProject
Project("{9A19103F-16F7-4668-BE54-9A1E7A4F7556}") = "ModernWpf.Controls", "ModernWpf.Controls\ModernWpf.Controls.csproj", "{35B5D7A3-4E57-4661-A907-A1CC41D2AADA}"
EndProject
Project("{2150E333-8FDC-42A3-9474-1A3956D46DE8}") = "Solution Items", "Solution Items", "{1387DCAB-42A4-4F47-9E85-16998E2D9C71}"
	ProjectSection(SolutionItems) = preProject
		Directory.Build.targets = Directory.Build.targets
		Settings.XamlStyler = Settings.XamlStyler
	EndProjectSection
EndProject
Project("{2150E333-8FDC-42A3-9474-1A3956D46DE8}") = "Test", "Test", "{0F1BC12B-7013-4238-8001-39C8F53E9363}"
EndProject
Project("{9A19103F-16F7-4668-BE54-9A1E7A4F7556}") = "FluentRibbonSample", "samples\FluentRibbonSample\FluentRibbonSample.csproj", "{EE0EF4B6-3F56-4FD8-A4BA-5997D4B9440F}"
EndProject
Project("{9A19103F-16F7-4668-BE54-9A1E7A4F7556}") = "MahAppsSample", "samples\MahAppsSample\MahAppsSample.csproj", "{1D1EAFD7-9517-40B4-9207-22E0707A6032}"
EndProject
Project("{9A19103F-16F7-4668-BE54-9A1E7A4F7556}") = "ModernWpf.MahApps", "ModernWpf.MahApps\ModernWpf.MahApps.csproj", "{8E21BED1-FB1B-417A-A8C1-48782C621E94}"
EndProject
Project("{2150E333-8FDC-42A3-9474-1A3956D46DE8}") = "Samples", "Samples", "{A96F98E9-18B5-4863-8F28-9B7BDF70A128}"
EndProject
Project("{9A19103F-16F7-4668-BE54-9A1E7A4F7556}") = "SamplesCommon", "samples\SamplesCommon\SamplesCommon.csproj", "{DE27C3CE-E9E9-48D2-A4A1-5846E550462E}"
EndProject
Project("{9A19103F-16F7-4668-BE54-9A1E7A4F7556}") = "FluentWPFSample", "samples\FluentWPFSample\FluentWPFSample.csproj", "{D3E0F442-0B10-4410-8343-FC30BD8D5317}"
EndProject
Project("{9A19103F-16F7-4668-BE54-9A1E7A4F7556}") = "ModernWpf.Test", "test\ModernWpf.Test\ModernWpf.Test.csproj", "{5EBC7031-B5A3-49CD-9079-E1DC2C9ABA63}"
EndProject
Project("{9A19103F-16F7-4668-BE54-9A1E7A4F7556}") = "PowerShellSample", "samples\PowerShellSample\PowerShellSample.csproj", "{0A0A2998-856F-48CE-AC75-F500E5DF8ECB}"
EndProject
Project("{9A19103F-16F7-4668-BE54-9A1E7A4F7556}") = "ModernWpfTestApp", "test\ModernWpfTestApp\ModernWpfTestApp.csproj", "{BB64399B-330B-45BA-BE71-5FFA6CE841A8}"
EndProject
Project("{9A19103F-16F7-4668-BE54-9A1E7A4F7556}") = "DragablzSample", "samples\DragablzSample\DragablzSample.csproj", "{917743DB-EF8A-465C-91F1-FCAD2AB6430F}"
EndProject
Project("{D954291E-2A0B-460D-934E-DC6B0785DB48}") = "NavigationView_TestUI", "test\NavigationView_TestUI\NavigationView_TestUI.shproj", "{02CA89C3-68D7-4C80-9278-9A0F53FBE199}"
EndProject
Project("{9A19103F-16F7-4668-BE54-9A1E7A4F7556}") = "TestAppUtils", "test\TestAppUtils\TestAppUtils.csproj", "{48F790D9-2231-477E-839B-C4F5C6A20595}"
EndProject
Project("{9A19103F-16F7-4668-BE54-9A1E7A4F7556}") = "MultiThreadingSample", "samples\MultiThreadingSample\MultiThreadingSample.csproj", "{4067F104-92D9-4609-AC0A-D02AC5BD444B}"
EndProject
Project("{2150E333-8FDC-42A3-9474-1A3956D46DE8}") = "Tools", "Tools", "{07337569-6CA9-4BB0-9C8F-962D981CB5F4}"
EndProject
Project("{FAE04EC0-301F-11D3-BF4B-00C04F79EFBC}") = "WinUIResourcesConverter", "tools\WinUIResourcesConverter\WinUIResourcesConverter.csproj", "{35EF6F6B-3E8C-4A9E-BCD2-16CA5C2C2ADC}"
EndProject
Global
	GlobalSection(SharedMSBuildProjectFiles) = preSolution
		test\NavigationView_TestUI\NavigationView_TestUI.projitems*{02ca89c3-68d7-4c80-9278-9a0f53fbe199}*SharedItemsImports = 13
		test\NavigationView_TestUI\NavigationView_TestUI.projitems*{bb64399b-330b-45ba-be71-5ffa6ce841a8}*SharedItemsImports = 5
	EndGlobalSection
	GlobalSection(SolutionConfigurationPlatforms) = preSolution
		Debug|Any CPU = Debug|Any CPU
		Debug|ARM = Debug|ARM
		Debug|ARM64 = Debug|ARM64
		Debug|x64 = Debug|x64
		Debug|x86 = Debug|x86
		Release|Any CPU = Release|Any CPU
		Release|ARM = Release|ARM
		Release|ARM64 = Release|ARM64
		Release|x64 = Release|x64
		Release|x86 = Release|x86
	EndGlobalSection
	GlobalSection(ProjectConfigurationPlatforms) = postSolution
		{4AB31DB2-4024-49E6-A522-F5418371A264}.Debug|Any CPU.ActiveCfg = Debug|Any CPU
		{4AB31DB2-4024-49E6-A522-F5418371A264}.Debug|Any CPU.Build.0 = Debug|Any CPU
		{4AB31DB2-4024-49E6-A522-F5418371A264}.Debug|ARM.ActiveCfg = Debug|Any CPU
		{4AB31DB2-4024-49E6-A522-F5418371A264}.Debug|ARM.Build.0 = Debug|Any CPU
		{4AB31DB2-4024-49E6-A522-F5418371A264}.Debug|ARM64.ActiveCfg = Debug|Any CPU
		{4AB31DB2-4024-49E6-A522-F5418371A264}.Debug|ARM64.Build.0 = Debug|Any CPU
		{4AB31DB2-4024-49E6-A522-F5418371A264}.Debug|x64.ActiveCfg = Debug|Any CPU
		{4AB31DB2-4024-49E6-A522-F5418371A264}.Debug|x64.Build.0 = Debug|Any CPU
		{4AB31DB2-4024-49E6-A522-F5418371A264}.Debug|x86.ActiveCfg = Debug|Any CPU
		{4AB31DB2-4024-49E6-A522-F5418371A264}.Debug|x86.Build.0 = Debug|Any CPU
		{4AB31DB2-4024-49E6-A522-F5418371A264}.Release|Any CPU.ActiveCfg = Release|Any CPU
		{4AB31DB2-4024-49E6-A522-F5418371A264}.Release|Any CPU.Build.0 = Release|Any CPU
		{4AB31DB2-4024-49E6-A522-F5418371A264}.Release|ARM.ActiveCfg = Release|Any CPU
		{4AB31DB2-4024-49E6-A522-F5418371A264}.Release|ARM.Build.0 = Release|Any CPU
		{4AB31DB2-4024-49E6-A522-F5418371A264}.Release|ARM64.ActiveCfg = Release|Any CPU
		{4AB31DB2-4024-49E6-A522-F5418371A264}.Release|ARM64.Build.0 = Release|Any CPU
		{4AB31DB2-4024-49E6-A522-F5418371A264}.Release|x64.ActiveCfg = Release|Any CPU
		{4AB31DB2-4024-49E6-A522-F5418371A264}.Release|x64.Build.0 = Release|Any CPU
		{4AB31DB2-4024-49E6-A522-F5418371A264}.Release|x86.ActiveCfg = Release|Any CPU
		{4AB31DB2-4024-49E6-A522-F5418371A264}.Release|x86.Build.0 = Release|Any CPU
		{26077890-EB28-4B1F-9805-490479DC720F}.Debug|Any CPU.ActiveCfg = Debug|Any CPU
		{26077890-EB28-4B1F-9805-490479DC720F}.Debug|Any CPU.Build.0 = Debug|Any CPU
		{26077890-EB28-4B1F-9805-490479DC720F}.Debug|ARM.ActiveCfg = Debug|Any CPU
		{26077890-EB28-4B1F-9805-490479DC720F}.Debug|ARM.Build.0 = Debug|Any CPU
		{26077890-EB28-4B1F-9805-490479DC720F}.Debug|ARM64.ActiveCfg = Debug|Any CPU
		{26077890-EB28-4B1F-9805-490479DC720F}.Debug|ARM64.Build.0 = Debug|Any CPU
		{26077890-EB28-4B1F-9805-490479DC720F}.Debug|x64.ActiveCfg = Debug|Any CPU
		{26077890-EB28-4B1F-9805-490479DC720F}.Debug|x64.Build.0 = Debug|Any CPU
		{26077890-EB28-4B1F-9805-490479DC720F}.Debug|x86.ActiveCfg = Debug|Any CPU
		{26077890-EB28-4B1F-9805-490479DC720F}.Debug|x86.Build.0 = Debug|Any CPU
		{26077890-EB28-4B1F-9805-490479DC720F}.Release|Any CPU.ActiveCfg = Release|Any CPU
		{26077890-EB28-4B1F-9805-490479DC720F}.Release|Any CPU.Build.0 = Release|Any CPU
		{26077890-EB28-4B1F-9805-490479DC720F}.Release|ARM.ActiveCfg = Release|Any CPU
		{26077890-EB28-4B1F-9805-490479DC720F}.Release|ARM.Build.0 = Release|Any CPU
		{26077890-EB28-4B1F-9805-490479DC720F}.Release|ARM64.ActiveCfg = Release|Any CPU
		{26077890-EB28-4B1F-9805-490479DC720F}.Release|ARM64.Build.0 = Release|Any CPU
		{26077890-EB28-4B1F-9805-490479DC720F}.Release|x64.ActiveCfg = Release|Any CPU
		{26077890-EB28-4B1F-9805-490479DC720F}.Release|x64.Build.0 = Release|Any CPU
		{26077890-EB28-4B1F-9805-490479DC720F}.Release|x86.ActiveCfg = Release|Any CPU
		{26077890-EB28-4B1F-9805-490479DC720F}.Release|x86.Build.0 = Release|Any CPU
		{35B5D7A3-4E57-4661-A907-A1CC41D2AADA}.Debug|Any CPU.ActiveCfg = Debug|Any CPU
		{35B5D7A3-4E57-4661-A907-A1CC41D2AADA}.Debug|Any CPU.Build.0 = Debug|Any CPU
		{35B5D7A3-4E57-4661-A907-A1CC41D2AADA}.Debug|ARM.ActiveCfg = Debug|Any CPU
		{35B5D7A3-4E57-4661-A907-A1CC41D2AADA}.Debug|ARM.Build.0 = Debug|Any CPU
		{35B5D7A3-4E57-4661-A907-A1CC41D2AADA}.Debug|ARM64.ActiveCfg = Debug|Any CPU
		{35B5D7A3-4E57-4661-A907-A1CC41D2AADA}.Debug|ARM64.Build.0 = Debug|Any CPU
		{35B5D7A3-4E57-4661-A907-A1CC41D2AADA}.Debug|x64.ActiveCfg = Debug|Any CPU
		{35B5D7A3-4E57-4661-A907-A1CC41D2AADA}.Debug|x64.Build.0 = Debug|Any CPU
		{35B5D7A3-4E57-4661-A907-A1CC41D2AADA}.Debug|x86.ActiveCfg = Debug|Any CPU
		{35B5D7A3-4E57-4661-A907-A1CC41D2AADA}.Debug|x86.Build.0 = Debug|Any CPU
		{35B5D7A3-4E57-4661-A907-A1CC41D2AADA}.Release|Any CPU.ActiveCfg = Release|Any CPU
		{35B5D7A3-4E57-4661-A907-A1CC41D2AADA}.Release|Any CPU.Build.0 = Release|Any CPU
		{35B5D7A3-4E57-4661-A907-A1CC41D2AADA}.Release|ARM.ActiveCfg = Release|Any CPU
		{35B5D7A3-4E57-4661-A907-A1CC41D2AADA}.Release|ARM.Build.0 = Release|Any CPU
		{35B5D7A3-4E57-4661-A907-A1CC41D2AADA}.Release|ARM64.ActiveCfg = Release|Any CPU
		{35B5D7A3-4E57-4661-A907-A1CC41D2AADA}.Release|ARM64.Build.0 = Release|Any CPU
		{35B5D7A3-4E57-4661-A907-A1CC41D2AADA}.Release|x64.ActiveCfg = Release|Any CPU
		{35B5D7A3-4E57-4661-A907-A1CC41D2AADA}.Release|x64.Build.0 = Release|Any CPU
		{35B5D7A3-4E57-4661-A907-A1CC41D2AADA}.Release|x86.ActiveCfg = Release|Any CPU
		{35B5D7A3-4E57-4661-A907-A1CC41D2AADA}.Release|x86.Build.0 = Release|Any CPU
		{EE0EF4B6-3F56-4FD8-A4BA-5997D4B9440F}.Debug|Any CPU.ActiveCfg = Debug|Any CPU
		{EE0EF4B6-3F56-4FD8-A4BA-5997D4B9440F}.Debug|Any CPU.Build.0 = Debug|Any CPU
		{EE0EF4B6-3F56-4FD8-A4BA-5997D4B9440F}.Debug|ARM.ActiveCfg = Debug|Any CPU
		{EE0EF4B6-3F56-4FD8-A4BA-5997D4B9440F}.Debug|ARM.Build.0 = Debug|Any CPU
		{EE0EF4B6-3F56-4FD8-A4BA-5997D4B9440F}.Debug|ARM64.ActiveCfg = Debug|Any CPU
		{EE0EF4B6-3F56-4FD8-A4BA-5997D4B9440F}.Debug|ARM64.Build.0 = Debug|Any CPU
		{EE0EF4B6-3F56-4FD8-A4BA-5997D4B9440F}.Debug|x64.ActiveCfg = Debug|Any CPU
		{EE0EF4B6-3F56-4FD8-A4BA-5997D4B9440F}.Debug|x64.Build.0 = Debug|Any CPU
		{EE0EF4B6-3F56-4FD8-A4BA-5997D4B9440F}.Debug|x86.ActiveCfg = Debug|Any CPU
		{EE0EF4B6-3F56-4FD8-A4BA-5997D4B9440F}.Debug|x86.Build.0 = Debug|Any CPU
		{EE0EF4B6-3F56-4FD8-A4BA-5997D4B9440F}.Release|Any CPU.ActiveCfg = Release|Any CPU
		{EE0EF4B6-3F56-4FD8-A4BA-5997D4B9440F}.Release|Any CPU.Build.0 = Release|Any CPU
		{EE0EF4B6-3F56-4FD8-A4BA-5997D4B9440F}.Release|ARM.ActiveCfg = Release|Any CPU
		{EE0EF4B6-3F56-4FD8-A4BA-5997D4B9440F}.Release|ARM.Build.0 = Release|Any CPU
		{EE0EF4B6-3F56-4FD8-A4BA-5997D4B9440F}.Release|ARM64.ActiveCfg = Release|Any CPU
		{EE0EF4B6-3F56-4FD8-A4BA-5997D4B9440F}.Release|ARM64.Build.0 = Release|Any CPU
		{EE0EF4B6-3F56-4FD8-A4BA-5997D4B9440F}.Release|x64.ActiveCfg = Release|Any CPU
		{EE0EF4B6-3F56-4FD8-A4BA-5997D4B9440F}.Release|x64.Build.0 = Release|Any CPU
		{EE0EF4B6-3F56-4FD8-A4BA-5997D4B9440F}.Release|x86.ActiveCfg = Release|Any CPU
		{EE0EF4B6-3F56-4FD8-A4BA-5997D4B9440F}.Release|x86.Build.0 = Release|Any CPU
		{1D1EAFD7-9517-40B4-9207-22E0707A6032}.Debug|Any CPU.ActiveCfg = Debug|Any CPU
		{1D1EAFD7-9517-40B4-9207-22E0707A6032}.Debug|Any CPU.Build.0 = Debug|Any CPU
		{1D1EAFD7-9517-40B4-9207-22E0707A6032}.Debug|ARM.ActiveCfg = Debug|Any CPU
		{1D1EAFD7-9517-40B4-9207-22E0707A6032}.Debug|ARM.Build.0 = Debug|Any CPU
		{1D1EAFD7-9517-40B4-9207-22E0707A6032}.Debug|ARM64.ActiveCfg = Debug|Any CPU
		{1D1EAFD7-9517-40B4-9207-22E0707A6032}.Debug|ARM64.Build.0 = Debug|Any CPU
		{1D1EAFD7-9517-40B4-9207-22E0707A6032}.Debug|x64.ActiveCfg = Debug|Any CPU
		{1D1EAFD7-9517-40B4-9207-22E0707A6032}.Debug|x64.Build.0 = Debug|Any CPU
		{1D1EAFD7-9517-40B4-9207-22E0707A6032}.Debug|x86.ActiveCfg = Debug|Any CPU
		{1D1EAFD7-9517-40B4-9207-22E0707A6032}.Debug|x86.Build.0 = Debug|Any CPU
		{1D1EAFD7-9517-40B4-9207-22E0707A6032}.Release|Any CPU.ActiveCfg = Release|Any CPU
		{1D1EAFD7-9517-40B4-9207-22E0707A6032}.Release|Any CPU.Build.0 = Release|Any CPU
		{1D1EAFD7-9517-40B4-9207-22E0707A6032}.Release|ARM.ActiveCfg = Release|Any CPU
		{1D1EAFD7-9517-40B4-9207-22E0707A6032}.Release|ARM.Build.0 = Release|Any CPU
		{1D1EAFD7-9517-40B4-9207-22E0707A6032}.Release|ARM64.ActiveCfg = Release|Any CPU
		{1D1EAFD7-9517-40B4-9207-22E0707A6032}.Release|ARM64.Build.0 = Release|Any CPU
		{1D1EAFD7-9517-40B4-9207-22E0707A6032}.Release|x64.ActiveCfg = Release|Any CPU
		{1D1EAFD7-9517-40B4-9207-22E0707A6032}.Release|x64.Build.0 = Release|Any CPU
		{1D1EAFD7-9517-40B4-9207-22E0707A6032}.Release|x86.ActiveCfg = Release|Any CPU
		{1D1EAFD7-9517-40B4-9207-22E0707A6032}.Release|x86.Build.0 = Release|Any CPU
		{8E21BED1-FB1B-417A-A8C1-48782C621E94}.Debug|Any CPU.ActiveCfg = Debug|Any CPU
		{8E21BED1-FB1B-417A-A8C1-48782C621E94}.Debug|Any CPU.Build.0 = Debug|Any CPU
		{8E21BED1-FB1B-417A-A8C1-48782C621E94}.Debug|ARM.ActiveCfg = Debug|Any CPU
		{8E21BED1-FB1B-417A-A8C1-48782C621E94}.Debug|ARM.Build.0 = Debug|Any CPU
		{8E21BED1-FB1B-417A-A8C1-48782C621E94}.Debug|ARM64.ActiveCfg = Debug|Any CPU
		{8E21BED1-FB1B-417A-A8C1-48782C621E94}.Debug|ARM64.Build.0 = Debug|Any CPU
		{8E21BED1-FB1B-417A-A8C1-48782C621E94}.Debug|x64.ActiveCfg = Debug|Any CPU
		{8E21BED1-FB1B-417A-A8C1-48782C621E94}.Debug|x64.Build.0 = Debug|Any CPU
		{8E21BED1-FB1B-417A-A8C1-48782C621E94}.Debug|x86.ActiveCfg = Debug|Any CPU
		{8E21BED1-FB1B-417A-A8C1-48782C621E94}.Debug|x86.Build.0 = Debug|Any CPU
		{8E21BED1-FB1B-417A-A8C1-48782C621E94}.Release|Any CPU.ActiveCfg = Release|Any CPU
		{8E21BED1-FB1B-417A-A8C1-48782C621E94}.Release|Any CPU.Build.0 = Release|Any CPU
		{8E21BED1-FB1B-417A-A8C1-48782C621E94}.Release|ARM.ActiveCfg = Release|Any CPU
		{8E21BED1-FB1B-417A-A8C1-48782C621E94}.Release|ARM.Build.0 = Release|Any CPU
		{8E21BED1-FB1B-417A-A8C1-48782C621E94}.Release|ARM64.ActiveCfg = Release|Any CPU
		{8E21BED1-FB1B-417A-A8C1-48782C621E94}.Release|ARM64.Build.0 = Release|Any CPU
		{8E21BED1-FB1B-417A-A8C1-48782C621E94}.Release|x64.ActiveCfg = Release|Any CPU
		{8E21BED1-FB1B-417A-A8C1-48782C621E94}.Release|x64.Build.0 = Release|Any CPU
		{8E21BED1-FB1B-417A-A8C1-48782C621E94}.Release|x86.ActiveCfg = Release|Any CPU
		{8E21BED1-FB1B-417A-A8C1-48782C621E94}.Release|x86.Build.0 = Release|Any CPU
		{DE27C3CE-E9E9-48D2-A4A1-5846E550462E}.Debug|Any CPU.ActiveCfg = Debug|Any CPU
		{DE27C3CE-E9E9-48D2-A4A1-5846E550462E}.Debug|Any CPU.Build.0 = Debug|Any CPU
		{DE27C3CE-E9E9-48D2-A4A1-5846E550462E}.Debug|ARM.ActiveCfg = Debug|Any CPU
		{DE27C3CE-E9E9-48D2-A4A1-5846E550462E}.Debug|ARM.Build.0 = Debug|Any CPU
		{DE27C3CE-E9E9-48D2-A4A1-5846E550462E}.Debug|ARM64.ActiveCfg = Debug|Any CPU
		{DE27C3CE-E9E9-48D2-A4A1-5846E550462E}.Debug|ARM64.Build.0 = Debug|Any CPU
		{DE27C3CE-E9E9-48D2-A4A1-5846E550462E}.Debug|x64.ActiveCfg = Debug|Any CPU
		{DE27C3CE-E9E9-48D2-A4A1-5846E550462E}.Debug|x64.Build.0 = Debug|Any CPU
		{DE27C3CE-E9E9-48D2-A4A1-5846E550462E}.Debug|x86.ActiveCfg = Debug|Any CPU
		{DE27C3CE-E9E9-48D2-A4A1-5846E550462E}.Debug|x86.Build.0 = Debug|Any CPU
		{DE27C3CE-E9E9-48D2-A4A1-5846E550462E}.Release|Any CPU.ActiveCfg = Release|Any CPU
		{DE27C3CE-E9E9-48D2-A4A1-5846E550462E}.Release|Any CPU.Build.0 = Release|Any CPU
		{DE27C3CE-E9E9-48D2-A4A1-5846E550462E}.Release|ARM.ActiveCfg = Release|Any CPU
		{DE27C3CE-E9E9-48D2-A4A1-5846E550462E}.Release|ARM.Build.0 = Release|Any CPU
		{DE27C3CE-E9E9-48D2-A4A1-5846E550462E}.Release|ARM64.ActiveCfg = Release|Any CPU
		{DE27C3CE-E9E9-48D2-A4A1-5846E550462E}.Release|ARM64.Build.0 = Release|Any CPU
		{DE27C3CE-E9E9-48D2-A4A1-5846E550462E}.Release|x64.ActiveCfg = Release|Any CPU
		{DE27C3CE-E9E9-48D2-A4A1-5846E550462E}.Release|x64.Build.0 = Release|Any CPU
		{DE27C3CE-E9E9-48D2-A4A1-5846E550462E}.Release|x86.ActiveCfg = Release|Any CPU
		{DE27C3CE-E9E9-48D2-A4A1-5846E550462E}.Release|x86.Build.0 = Release|Any CPU
		{D3E0F442-0B10-4410-8343-FC30BD8D5317}.Debug|Any CPU.ActiveCfg = Debug|Any CPU
		{D3E0F442-0B10-4410-8343-FC30BD8D5317}.Debug|Any CPU.Build.0 = Debug|Any CPU
		{D3E0F442-0B10-4410-8343-FC30BD8D5317}.Debug|ARM.ActiveCfg = Debug|Any CPU
		{D3E0F442-0B10-4410-8343-FC30BD8D5317}.Debug|ARM.Build.0 = Debug|Any CPU
		{D3E0F442-0B10-4410-8343-FC30BD8D5317}.Debug|ARM64.ActiveCfg = Debug|Any CPU
		{D3E0F442-0B10-4410-8343-FC30BD8D5317}.Debug|ARM64.Build.0 = Debug|Any CPU
		{D3E0F442-0B10-4410-8343-FC30BD8D5317}.Debug|x64.ActiveCfg = Debug|Any CPU
		{D3E0F442-0B10-4410-8343-FC30BD8D5317}.Debug|x64.Build.0 = Debug|Any CPU
		{D3E0F442-0B10-4410-8343-FC30BD8D5317}.Debug|x86.ActiveCfg = Debug|Any CPU
		{D3E0F442-0B10-4410-8343-FC30BD8D5317}.Debug|x86.Build.0 = Debug|Any CPU
		{D3E0F442-0B10-4410-8343-FC30BD8D5317}.Release|Any CPU.ActiveCfg = Release|Any CPU
		{D3E0F442-0B10-4410-8343-FC30BD8D5317}.Release|Any CPU.Build.0 = Release|Any CPU
		{D3E0F442-0B10-4410-8343-FC30BD8D5317}.Release|ARM.ActiveCfg = Release|Any CPU
		{D3E0F442-0B10-4410-8343-FC30BD8D5317}.Release|ARM.Build.0 = Release|Any CPU
		{D3E0F442-0B10-4410-8343-FC30BD8D5317}.Release|ARM64.ActiveCfg = Release|Any CPU
		{D3E0F442-0B10-4410-8343-FC30BD8D5317}.Release|ARM64.Build.0 = Release|Any CPU
		{D3E0F442-0B10-4410-8343-FC30BD8D5317}.Release|x64.ActiveCfg = Release|Any CPU
		{D3E0F442-0B10-4410-8343-FC30BD8D5317}.Release|x64.Build.0 = Release|Any CPU
		{D3E0F442-0B10-4410-8343-FC30BD8D5317}.Release|x86.ActiveCfg = Release|Any CPU
		{D3E0F442-0B10-4410-8343-FC30BD8D5317}.Release|x86.Build.0 = Release|Any CPU
		{5EBC7031-B5A3-49CD-9079-E1DC2C9ABA63}.Debug|Any CPU.ActiveCfg = Debug|Any CPU
		{5EBC7031-B5A3-49CD-9079-E1DC2C9ABA63}.Debug|Any CPU.Build.0 = Debug|Any CPU
		{5EBC7031-B5A3-49CD-9079-E1DC2C9ABA63}.Debug|ARM.ActiveCfg = Debug|Any CPU
		{5EBC7031-B5A3-49CD-9079-E1DC2C9ABA63}.Debug|ARM.Build.0 = Debug|Any CPU
		{5EBC7031-B5A3-49CD-9079-E1DC2C9ABA63}.Debug|ARM64.ActiveCfg = Debug|Any CPU
		{5EBC7031-B5A3-49CD-9079-E1DC2C9ABA63}.Debug|ARM64.Build.0 = Debug|Any CPU
		{5EBC7031-B5A3-49CD-9079-E1DC2C9ABA63}.Debug|x64.ActiveCfg = Debug|Any CPU
		{5EBC7031-B5A3-49CD-9079-E1DC2C9ABA63}.Debug|x64.Build.0 = Debug|Any CPU
		{5EBC7031-B5A3-49CD-9079-E1DC2C9ABA63}.Debug|x86.ActiveCfg = Debug|Any CPU
		{5EBC7031-B5A3-49CD-9079-E1DC2C9ABA63}.Debug|x86.Build.0 = Debug|Any CPU
		{5EBC7031-B5A3-49CD-9079-E1DC2C9ABA63}.Release|Any CPU.ActiveCfg = Release|Any CPU
		{5EBC7031-B5A3-49CD-9079-E1DC2C9ABA63}.Release|Any CPU.Build.0 = Release|Any CPU
		{5EBC7031-B5A3-49CD-9079-E1DC2C9ABA63}.Release|ARM.ActiveCfg = Release|Any CPU
		{5EBC7031-B5A3-49CD-9079-E1DC2C9ABA63}.Release|ARM.Build.0 = Release|Any CPU
		{5EBC7031-B5A3-49CD-9079-E1DC2C9ABA63}.Release|ARM64.ActiveCfg = Release|Any CPU
		{5EBC7031-B5A3-49CD-9079-E1DC2C9ABA63}.Release|ARM64.Build.0 = Release|Any CPU
		{5EBC7031-B5A3-49CD-9079-E1DC2C9ABA63}.Release|x64.ActiveCfg = Release|Any CPU
		{5EBC7031-B5A3-49CD-9079-E1DC2C9ABA63}.Release|x64.Build.0 = Release|Any CPU
		{5EBC7031-B5A3-49CD-9079-E1DC2C9ABA63}.Release|x86.ActiveCfg = Release|Any CPU
		{5EBC7031-B5A3-49CD-9079-E1DC2C9ABA63}.Release|x86.Build.0 = Release|Any CPU
		{0A0A2998-856F-48CE-AC75-F500E5DF8ECB}.Debug|Any CPU.ActiveCfg = Debug|Any CPU
		{0A0A2998-856F-48CE-AC75-F500E5DF8ECB}.Debug|Any CPU.Build.0 = Debug|Any CPU
		{0A0A2998-856F-48CE-AC75-F500E5DF8ECB}.Debug|ARM.ActiveCfg = Debug|Any CPU
		{0A0A2998-856F-48CE-AC75-F500E5DF8ECB}.Debug|ARM.Build.0 = Debug|Any CPU
		{0A0A2998-856F-48CE-AC75-F500E5DF8ECB}.Debug|ARM64.ActiveCfg = Debug|Any CPU
		{0A0A2998-856F-48CE-AC75-F500E5DF8ECB}.Debug|ARM64.Build.0 = Debug|Any CPU
		{0A0A2998-856F-48CE-AC75-F500E5DF8ECB}.Debug|x64.ActiveCfg = Debug|Any CPU
		{0A0A2998-856F-48CE-AC75-F500E5DF8ECB}.Debug|x64.Build.0 = Debug|Any CPU
		{0A0A2998-856F-48CE-AC75-F500E5DF8ECB}.Debug|x86.ActiveCfg = Debug|Any CPU
		{0A0A2998-856F-48CE-AC75-F500E5DF8ECB}.Debug|x86.Build.0 = Debug|Any CPU
		{0A0A2998-856F-48CE-AC75-F500E5DF8ECB}.Release|Any CPU.ActiveCfg = Release|Any CPU
		{0A0A2998-856F-48CE-AC75-F500E5DF8ECB}.Release|Any CPU.Build.0 = Release|Any CPU
		{0A0A2998-856F-48CE-AC75-F500E5DF8ECB}.Release|ARM.ActiveCfg = Release|Any CPU
		{0A0A2998-856F-48CE-AC75-F500E5DF8ECB}.Release|ARM.Build.0 = Release|Any CPU
		{0A0A2998-856F-48CE-AC75-F500E5DF8ECB}.Release|ARM64.ActiveCfg = Release|Any CPU
		{0A0A2998-856F-48CE-AC75-F500E5DF8ECB}.Release|ARM64.Build.0 = Release|Any CPU
		{0A0A2998-856F-48CE-AC75-F500E5DF8ECB}.Release|x64.ActiveCfg = Release|Any CPU
		{0A0A2998-856F-48CE-AC75-F500E5DF8ECB}.Release|x64.Build.0 = Release|Any CPU
		{0A0A2998-856F-48CE-AC75-F500E5DF8ECB}.Release|x86.ActiveCfg = Release|Any CPU
		{0A0A2998-856F-48CE-AC75-F500E5DF8ECB}.Release|x86.Build.0 = Release|Any CPU
		{BB64399B-330B-45BA-BE71-5FFA6CE841A8}.Debug|Any CPU.ActiveCfg = Debug|Any CPU
		{BB64399B-330B-45BA-BE71-5FFA6CE841A8}.Debug|Any CPU.Build.0 = Debug|Any CPU
		{BB64399B-330B-45BA-BE71-5FFA6CE841A8}.Debug|ARM.ActiveCfg = Debug|Any CPU
		{BB64399B-330B-45BA-BE71-5FFA6CE841A8}.Debug|ARM.Build.0 = Debug|Any CPU
		{BB64399B-330B-45BA-BE71-5FFA6CE841A8}.Debug|ARM64.ActiveCfg = Debug|Any CPU
		{BB64399B-330B-45BA-BE71-5FFA6CE841A8}.Debug|ARM64.Build.0 = Debug|Any CPU
		{BB64399B-330B-45BA-BE71-5FFA6CE841A8}.Debug|x64.ActiveCfg = Debug|Any CPU
		{BB64399B-330B-45BA-BE71-5FFA6CE841A8}.Debug|x64.Build.0 = Debug|Any CPU
		{BB64399B-330B-45BA-BE71-5FFA6CE841A8}.Debug|x86.ActiveCfg = Debug|Any CPU
		{BB64399B-330B-45BA-BE71-5FFA6CE841A8}.Debug|x86.Build.0 = Debug|Any CPU
		{BB64399B-330B-45BA-BE71-5FFA6CE841A8}.Release|Any CPU.ActiveCfg = Release|Any CPU
		{BB64399B-330B-45BA-BE71-5FFA6CE841A8}.Release|Any CPU.Build.0 = Release|Any CPU
		{BB64399B-330B-45BA-BE71-5FFA6CE841A8}.Release|ARM.ActiveCfg = Release|Any CPU
		{BB64399B-330B-45BA-BE71-5FFA6CE841A8}.Release|ARM.Build.0 = Release|Any CPU
		{BB64399B-330B-45BA-BE71-5FFA6CE841A8}.Release|ARM64.ActiveCfg = Release|Any CPU
		{BB64399B-330B-45BA-BE71-5FFA6CE841A8}.Release|ARM64.Build.0 = Release|Any CPU
		{BB64399B-330B-45BA-BE71-5FFA6CE841A8}.Release|x64.ActiveCfg = Release|Any CPU
		{BB64399B-330B-45BA-BE71-5FFA6CE841A8}.Release|x64.Build.0 = Release|Any CPU
		{BB64399B-330B-45BA-BE71-5FFA6CE841A8}.Release|x86.ActiveCfg = Release|Any CPU
		{BB64399B-330B-45BA-BE71-5FFA6CE841A8}.Release|x86.Build.0 = Release|Any CPU
		{917743DB-EF8A-465C-91F1-FCAD2AB6430F}.Debug|Any CPU.ActiveCfg = Debug|Any CPU
		{917743DB-EF8A-465C-91F1-FCAD2AB6430F}.Debug|Any CPU.Build.0 = Debug|Any CPU
		{917743DB-EF8A-465C-91F1-FCAD2AB6430F}.Debug|ARM.ActiveCfg = Debug|Any CPU
		{917743DB-EF8A-465C-91F1-FCAD2AB6430F}.Debug|ARM.Build.0 = Debug|Any CPU
		{917743DB-EF8A-465C-91F1-FCAD2AB6430F}.Debug|ARM64.ActiveCfg = Debug|Any CPU
		{917743DB-EF8A-465C-91F1-FCAD2AB6430F}.Debug|ARM64.Build.0 = Debug|Any CPU
		{917743DB-EF8A-465C-91F1-FCAD2AB6430F}.Debug|x64.ActiveCfg = Debug|Any CPU
		{917743DB-EF8A-465C-91F1-FCAD2AB6430F}.Debug|x64.Build.0 = Debug|Any CPU
		{917743DB-EF8A-465C-91F1-FCAD2AB6430F}.Debug|x86.ActiveCfg = Debug|Any CPU
		{917743DB-EF8A-465C-91F1-FCAD2AB6430F}.Debug|x86.Build.0 = Debug|Any CPU
		{917743DB-EF8A-465C-91F1-FCAD2AB6430F}.Release|Any CPU.ActiveCfg = Release|Any CPU
		{917743DB-EF8A-465C-91F1-FCAD2AB6430F}.Release|Any CPU.Build.0 = Release|Any CPU
		{917743DB-EF8A-465C-91F1-FCAD2AB6430F}.Release|ARM.ActiveCfg = Release|Any CPU
		{917743DB-EF8A-465C-91F1-FCAD2AB6430F}.Release|ARM.Build.0 = Release|Any CPU
		{917743DB-EF8A-465C-91F1-FCAD2AB6430F}.Release|ARM64.ActiveCfg = Release|Any CPU
		{917743DB-EF8A-465C-91F1-FCAD2AB6430F}.Release|ARM64.Build.0 = Release|Any CPU
		{917743DB-EF8A-465C-91F1-FCAD2AB6430F}.Release|x64.ActiveCfg = Release|Any CPU
		{917743DB-EF8A-465C-91F1-FCAD2AB6430F}.Release|x64.Build.0 = Release|Any CPU
		{917743DB-EF8A-465C-91F1-FCAD2AB6430F}.Release|x86.ActiveCfg = Release|Any CPU
		{917743DB-EF8A-465C-91F1-FCAD2AB6430F}.Release|x86.Build.0 = Release|Any CPU
		{48F790D9-2231-477E-839B-C4F5C6A20595}.Debug|Any CPU.ActiveCfg = Debug|Any CPU
		{48F790D9-2231-477E-839B-C4F5C6A20595}.Debug|Any CPU.Build.0 = Debug|Any CPU
		{48F790D9-2231-477E-839B-C4F5C6A20595}.Debug|ARM.ActiveCfg = Debug|Any CPU
		{48F790D9-2231-477E-839B-C4F5C6A20595}.Debug|ARM.Build.0 = Debug|Any CPU
		{48F790D9-2231-477E-839B-C4F5C6A20595}.Debug|ARM64.ActiveCfg = Debug|Any CPU
		{48F790D9-2231-477E-839B-C4F5C6A20595}.Debug|ARM64.Build.0 = Debug|Any CPU
		{48F790D9-2231-477E-839B-C4F5C6A20595}.Debug|x64.ActiveCfg = Debug|Any CPU
		{48F790D9-2231-477E-839B-C4F5C6A20595}.Debug|x64.Build.0 = Debug|Any CPU
		{48F790D9-2231-477E-839B-C4F5C6A20595}.Debug|x86.ActiveCfg = Debug|Any CPU
		{48F790D9-2231-477E-839B-C4F5C6A20595}.Debug|x86.Build.0 = Debug|Any CPU
		{48F790D9-2231-477E-839B-C4F5C6A20595}.Release|Any CPU.ActiveCfg = Release|Any CPU
		{48F790D9-2231-477E-839B-C4F5C6A20595}.Release|Any CPU.Build.0 = Release|Any CPU
		{48F790D9-2231-477E-839B-C4F5C6A20595}.Release|ARM.ActiveCfg = Release|Any CPU
		{48F790D9-2231-477E-839B-C4F5C6A20595}.Release|ARM.Build.0 = Release|Any CPU
		{48F790D9-2231-477E-839B-C4F5C6A20595}.Release|ARM64.ActiveCfg = Release|Any CPU
		{48F790D9-2231-477E-839B-C4F5C6A20595}.Release|ARM64.Build.0 = Release|Any CPU
		{48F790D9-2231-477E-839B-C4F5C6A20595}.Release|x64.ActiveCfg = Release|Any CPU
		{48F790D9-2231-477E-839B-C4F5C6A20595}.Release|x64.Build.0 = Release|Any CPU
		{48F790D9-2231-477E-839B-C4F5C6A20595}.Release|x86.ActiveCfg = Release|Any CPU
		{48F790D9-2231-477E-839B-C4F5C6A20595}.Release|x86.Build.0 = Release|Any CPU
		{4067F104-92D9-4609-AC0A-D02AC5BD444B}.Debug|Any CPU.ActiveCfg = Debug|Any CPU
		{4067F104-92D9-4609-AC0A-D02AC5BD444B}.Debug|Any CPU.Build.0 = Debug|Any CPU
		{4067F104-92D9-4609-AC0A-D02AC5BD444B}.Debug|ARM.ActiveCfg = Debug|Any CPU
		{4067F104-92D9-4609-AC0A-D02AC5BD444B}.Debug|ARM.Build.0 = Debug|Any CPU
		{4067F104-92D9-4609-AC0A-D02AC5BD444B}.Debug|ARM64.ActiveCfg = Debug|Any CPU
		{4067F104-92D9-4609-AC0A-D02AC5BD444B}.Debug|ARM64.Build.0 = Debug|Any CPU
		{4067F104-92D9-4609-AC0A-D02AC5BD444B}.Debug|x64.ActiveCfg = Debug|Any CPU
		{4067F104-92D9-4609-AC0A-D02AC5BD444B}.Debug|x64.Build.0 = Debug|Any CPU
		{4067F104-92D9-4609-AC0A-D02AC5BD444B}.Debug|x86.ActiveCfg = Debug|Any CPU
		{4067F104-92D9-4609-AC0A-D02AC5BD444B}.Debug|x86.Build.0 = Debug|Any CPU
		{4067F104-92D9-4609-AC0A-D02AC5BD444B}.Release|Any CPU.ActiveCfg = Release|Any CPU
		{4067F104-92D9-4609-AC0A-D02AC5BD444B}.Release|Any CPU.Build.0 = Release|Any CPU
		{4067F104-92D9-4609-AC0A-D02AC5BD444B}.Release|ARM.ActiveCfg = Release|Any CPU
		{4067F104-92D9-4609-AC0A-D02AC5BD444B}.Release|ARM.Build.0 = Release|Any CPU
		{4067F104-92D9-4609-AC0A-D02AC5BD444B}.Release|ARM64.ActiveCfg = Release|Any CPU
		{4067F104-92D9-4609-AC0A-D02AC5BD444B}.Release|ARM64.Build.0 = Release|Any CPU
		{4067F104-92D9-4609-AC0A-D02AC5BD444B}.Release|x64.ActiveCfg = Release|Any CPU
		{4067F104-92D9-4609-AC0A-D02AC5BD444B}.Release|x64.Build.0 = Release|Any CPU
		{4067F104-92D9-4609-AC0A-D02AC5BD444B}.Release|x86.ActiveCfg = Release|Any CPU
		{4067F104-92D9-4609-AC0A-D02AC5BD444B}.Release|x86.Build.0 = Release|Any CPU
		{35EF6F6B-3E8C-4A9E-BCD2-16CA5C2C2ADC}.Debug|Any CPU.ActiveCfg = Debug|Any CPU
		{35EF6F6B-3E8C-4A9E-BCD2-16CA5C2C2ADC}.Debug|Any CPU.Build.0 = Debug|Any CPU
		{35EF6F6B-3E8C-4A9E-BCD2-16CA5C2C2ADC}.Debug|ARM.ActiveCfg = Debug|Any CPU
		{35EF6F6B-3E8C-4A9E-BCD2-16CA5C2C2ADC}.Debug|ARM.Build.0 = Debug|Any CPU
		{35EF6F6B-3E8C-4A9E-BCD2-16CA5C2C2ADC}.Debug|ARM64.ActiveCfg = Debug|Any CPU
		{35EF6F6B-3E8C-4A9E-BCD2-16CA5C2C2ADC}.Debug|ARM64.Build.0 = Debug|Any CPU
		{35EF6F6B-3E8C-4A9E-BCD2-16CA5C2C2ADC}.Debug|x64.ActiveCfg = Debug|Any CPU
		{35EF6F6B-3E8C-4A9E-BCD2-16CA5C2C2ADC}.Debug|x64.Build.0 = Debug|Any CPU
		{35EF6F6B-3E8C-4A9E-BCD2-16CA5C2C2ADC}.Debug|x86.ActiveCfg = Debug|Any CPU
		{35EF6F6B-3E8C-4A9E-BCD2-16CA5C2C2ADC}.Debug|x86.Build.0 = Debug|Any CPU
		{35EF6F6B-3E8C-4A9E-BCD2-16CA5C2C2ADC}.Release|Any CPU.ActiveCfg = Release|Any CPU
		{35EF6F6B-3E8C-4A9E-BCD2-16CA5C2C2ADC}.Release|Any CPU.Build.0 = Release|Any CPU
		{35EF6F6B-3E8C-4A9E-BCD2-16CA5C2C2ADC}.Release|ARM.ActiveCfg = Release|Any CPU
		{35EF6F6B-3E8C-4A9E-BCD2-16CA5C2C2ADC}.Release|ARM.Build.0 = Release|Any CPU
		{35EF6F6B-3E8C-4A9E-BCD2-16CA5C2C2ADC}.Release|ARM64.ActiveCfg = Release|Any CPU
		{35EF6F6B-3E8C-4A9E-BCD2-16CA5C2C2ADC}.Release|ARM64.Build.0 = Release|Any CPU
		{35EF6F6B-3E8C-4A9E-BCD2-16CA5C2C2ADC}.Release|x64.ActiveCfg = Release|Any CPU
		{35EF6F6B-3E8C-4A9E-BCD2-16CA5C2C2ADC}.Release|x64.Build.0 = Release|Any CPU
		{35EF6F6B-3E8C-4A9E-BCD2-16CA5C2C2ADC}.Release|x86.ActiveCfg = Release|Any CPU
		{35EF6F6B-3E8C-4A9E-BCD2-16CA5C2C2ADC}.Release|x86.Build.0 = Release|Any CPU
	EndGlobalSection
	GlobalSection(SolutionProperties) = preSolution
		HideSolutionNode = FALSE
	EndGlobalSection
	GlobalSection(NestedProjects) = preSolution
		{EE0EF4B6-3F56-4FD8-A4BA-5997D4B9440F} = {A96F98E9-18B5-4863-8F28-9B7BDF70A128}
		{1D1EAFD7-9517-40B4-9207-22E0707A6032} = {A96F98E9-18B5-4863-8F28-9B7BDF70A128}
		{DE27C3CE-E9E9-48D2-A4A1-5846E550462E} = {A96F98E9-18B5-4863-8F28-9B7BDF70A128}
		{D3E0F442-0B10-4410-8343-FC30BD8D5317} = {A96F98E9-18B5-4863-8F28-9B7BDF70A128}
		{5EBC7031-B5A3-49CD-9079-E1DC2C9ABA63} = {0F1BC12B-7013-4238-8001-39C8F53E9363}
		{0A0A2998-856F-48CE-AC75-F500E5DF8ECB} = {A96F98E9-18B5-4863-8F28-9B7BDF70A128}
		{BB64399B-330B-45BA-BE71-5FFA6CE841A8} = {0F1BC12B-7013-4238-8001-39C8F53E9363}
		{917743DB-EF8A-465C-91F1-FCAD2AB6430F} = {A96F98E9-18B5-4863-8F28-9B7BDF70A128}
		{02CA89C3-68D7-4C80-9278-9A0F53FBE199} = {0F1BC12B-7013-4238-8001-39C8F53E9363}
		{48F790D9-2231-477E-839B-C4F5C6A20595} = {0F1BC12B-7013-4238-8001-39C8F53E9363}
		{4067F104-92D9-4609-AC0A-D02AC5BD444B} = {A96F98E9-18B5-4863-8F28-9B7BDF70A128}
		{35EF6F6B-3E8C-4A9E-BCD2-16CA5C2C2ADC} = {07337569-6CA9-4BB0-9C8F-962D981CB5F4}
	EndGlobalSection
	GlobalSection(ExtensibilityGlobals) = postSolution
		SolutionGuid = {6251E140-0FAA-4DE9-B245-1C5BE188E578}
	EndGlobalSection
EndGlobal
